
Microsoft Visual Studio Solution File, Format Version 12.00
# Visual Studio Version 17
VisualStudioVersion = 17.2.32630.192
MinimumVisualStudioVersion = 10.0.40219.1
Project("{FAE04EC0-301F-11D3-BF4B-00C04F79EFBC}") = "Calculatelibrary", "Calculatelibrary\Calculatelibrary.csproj", "{61870742-C360-4E38-ADE7-2B616229D8D3}"
EndProject
Global
	GlobalSection(SolutionConfigurationPlatforms) = preSolution
		Debug|Any CPU = Debug|Any CPU
		Release|Any CPU = Release|Any CPU
	EndGlobalSection
	GlobalSection(ProjectConfigurationPlatforms) = postSolution
		{61870742-C360-4E38-ADE7-2B616229D8D3}.Debug|Any CPU.ActiveCfg = Debug|Any CPU
		{61870742-C360-4E38-ADE7-2B616229D8D3}.Debug|Any CPU.Build.0 = Debug|Any CPU
		{61870742-C360-4E38-ADE7-2B616229D8D3}.Release|Any CPU.ActiveCfg = Release|Any CPU
		{61870742-C360-4E38-ADE7-2B616229D8D3}.Release|Any CPU.Build.0 = Release|Any CPU
	EndGlobalSection
	GlobalSection(SolutionProperties) = preSolution
		HideSolutionNode = FALSE
	EndGlobalSection
	GlobalSection(ExtensibilityGlobals) = postSolution
		SolutionGuid = {92F8840F-679A-41C3-A360-F7499171D5D5}
	EndGlobalSection
EndGlobal
