
Microsoft Visual Studio Solution File, Format Version 12.00
# Visual Studio Version 17
VisualStudioVersion = 17.2.32630.192
MinimumVisualStudioVersion = 10.0.40219.1
Project("{FAE04EC0-301F-11D3-BF4B-00C04F79EFBC}") = "Example of Student Marks", "Example of Student Marks\Example of Student Marks.csproj", "{9EC3A1A3-05C9-4E15-A7EA-E205A287CFCA}"
EndProject
Global
	GlobalSection(SolutionConfigurationPlatforms) = preSolution
		Debug|Any CPU = Debug|Any CPU
		Release|Any CPU = Release|Any CPU
	EndGlobalSection
	GlobalSection(ProjectConfigurationPlatforms) = postSolution
		{9EC3A1A3-05C9-4E15-A7EA-E205A287CFCA}.Debug|Any CPU.ActiveCfg = Debug|Any CPU
		{9EC3A1A3-05C9-4E15-A7EA-E205A287CFCA}.Debug|Any CPU.Build.0 = Debug|Any CPU
		{9EC3A1A3-05C9-4E15-A7EA-E205A287CFCA}.Release|Any CPU.ActiveCfg = Release|Any CPU
		{9EC3A1A3-05C9-4E15-A7EA-E205A287CFCA}.Release|Any CPU.Build.0 = Release|Any CPU
	EndGlobalSection
	GlobalSection(SolutionProperties) = preSolution
		HideSolutionNode = FALSE
	EndGlobalSection
	GlobalSection(ExtensibilityGlobals) = postSolution
		SolutionGuid = {0ED11FAD-D224-4C49-9782-D47EC0678A66}
	EndGlobalSection
EndGlobal
