
Microsoft Visual Studio Solution File, Format Version 12.00
# Visual Studio Version 17
VisualStudioVersion = 17.2.32630.192
MinimumVisualStudioVersion = 10.0.40219.1
Project("{FAE04EC0-301F-11D3-BF4B-00C04F79EFBC}") = "Place hs and vs scroll bar", "Place hs and vs scroll bar\Place hs and vs scroll bar.csproj", "{FC20BA04-202E-496A-9BB8-144CB54F6693}"
EndProject
Global
	GlobalSection(SolutionConfigurationPlatforms) = preSolution
		Debug|Any CPU = Debug|Any CPU
		Release|Any CPU = Release|Any CPU
	EndGlobalSection
	GlobalSection(ProjectConfigurationPlatforms) = postSolution
		{FC20BA04-202E-496A-9BB8-144CB54F6693}.Debug|Any CPU.ActiveCfg = Debug|Any CPU
		{FC20BA04-202E-496A-9BB8-144CB54F6693}.Debug|Any CPU.Build.0 = Debug|Any CPU
		{FC20BA04-202E-496A-9BB8-144CB54F6693}.Release|Any CPU.ActiveCfg = Release|Any CPU
		{FC20BA04-202E-496A-9BB8-144CB54F6693}.Release|Any CPU.Build.0 = Release|Any CPU
	EndGlobalSection
	GlobalSection(SolutionProperties) = preSolution
		HideSolutionNode = FALSE
	EndGlobalSection
	GlobalSection(ExtensibilityGlobals) = postSolution
		SolutionGuid = {09DF4E93-5CA5-4C57-86E9-FF197473F7CD}
	EndGlobalSection
EndGlobal
