
Microsoft Visual Studio Solution File, Format Version 12.00
# Visual Studio Version 17
VisualStudioVersion = 17.2.32630.192
MinimumVisualStudioVersion = 10.0.40219.1
Project("{FAE04EC0-301F-11D3-BF4B-00C04F79EFBC}") = "Ex of treeview control", "Ex of treeview control\Ex of treeview control.csproj", "{0185EE7C-704E-4234-94B4-275FB2734ECD}"
EndProject
Global
	GlobalSection(SolutionConfigurationPlatforms) = preSolution
		Debug|Any CPU = Debug|Any CPU
		Release|Any CPU = Release|Any CPU
	EndGlobalSection
	GlobalSection(ProjectConfigurationPlatforms) = postSolution
		{0185EE7C-704E-4234-94B4-275FB2734ECD}.Debug|Any CPU.ActiveCfg = Debug|Any CPU
		{0185EE7C-704E-4234-94B4-275FB2734ECD}.Debug|Any CPU.Build.0 = Debug|Any CPU
		{0185EE7C-704E-4234-94B4-275FB2734ECD}.Release|Any CPU.ActiveCfg = Release|Any CPU
		{0185EE7C-704E-4234-94B4-275FB2734ECD}.Release|Any CPU.Build.0 = Release|Any CPU
	EndGlobalSection
	GlobalSection(SolutionProperties) = preSolution
		HideSolutionNode = FALSE
	EndGlobalSection
	GlobalSection(ExtensibilityGlobals) = postSolution
		SolutionGuid = {06147197-70B1-4024-B57F-2E827688A0EB}
	EndGlobalSection
EndGlobal
