
Microsoft Visual Studio Solution File, Format Version 12.00
# Visual Studio Version 17
VisualStudioVersion = 17.2.32630.192
MinimumVisualStudioVersion = 10.0.40219.1
Project("{FAE04EC0-301F-11D3-BF4B-00C04F79EFBC}") = "Ex of checkedListBox", "Ex of checkedListBox\Ex of checkedListBox.csproj", "{788EAEFE-E755-46EB-934C-DC5BBC02D6C5}"
EndProject
Global
	GlobalSection(SolutionConfigurationPlatforms) = preSolution
		Debug|Any CPU = Debug|Any CPU
		Release|Any CPU = Release|Any CPU
	EndGlobalSection
	GlobalSection(ProjectConfigurationPlatforms) = postSolution
		{788EAEFE-E755-46EB-934C-DC5BBC02D6C5}.Debug|Any CPU.ActiveCfg = Debug|Any CPU
		{788EAEFE-E755-46EB-934C-DC5BBC02D6C5}.Debug|Any CPU.Build.0 = Debug|Any CPU
		{788EAEFE-E755-46EB-934C-DC5BBC02D6C5}.Release|Any CPU.ActiveCfg = Release|Any CPU
		{788EAEFE-E755-46EB-934C-DC5BBC02D6C5}.Release|Any CPU.Build.0 = Release|Any CPU
	EndGlobalSection
	GlobalSection(SolutionProperties) = preSolution
		HideSolutionNode = FALSE
	EndGlobalSection
	GlobalSection(ExtensibilityGlobals) = postSolution
		SolutionGuid = {005BCB97-5394-4530-A3EA-F988E944E893}
	EndGlobalSection
EndGlobal
