
Microsoft Visual Studio Solution File, Format Version 12.00
# Visual Studio Version 17
VisualStudioVersion = 17.2.32630.192
MinimumVisualStudioVersion = 10.0.40219.1
Project("{FAE04EC0-301F-11D3-BF4B-00C04F79EFBC}") = "WindowsFormsApp1", "WindowsFormsApp1\WindowsFormsApp1.csproj", "{5505A8AF-00EF-4EB8-9F47-F44DC4A3C67B}"
EndProject
Global
	GlobalSection(SolutionConfigurationPlatforms) = preSolution
		Debug|Any CPU = Debug|Any CPU
		Release|Any CPU = Release|Any CPU
	EndGlobalSection
	GlobalSection(ProjectConfigurationPlatforms) = postSolution
		{5505A8AF-00EF-4EB8-9F47-F44DC4A3C67B}.Debug|Any CPU.ActiveCfg = Debug|Any CPU
		{5505A8AF-00EF-4EB8-9F47-F44DC4A3C67B}.Debug|Any CPU.Build.0 = Debug|Any CPU
		{5505A8AF-00EF-4EB8-9F47-F44DC4A3C67B}.Release|Any CPU.ActiveCfg = Release|Any CPU
		{5505A8AF-00EF-4EB8-9F47-F44DC4A3C67B}.Release|Any CPU.Build.0 = Release|Any CPU
	EndGlobalSection
	GlobalSection(SolutionProperties) = preSolution
		HideSolutionNode = FALSE
	EndGlobalSection
	GlobalSection(ExtensibilityGlobals) = postSolution
		SolutionGuid = {8753A8B9-C17E-46A9-9ECD-CF027D7C0626}
	EndGlobalSection
EndGlobal
