
Microsoft Visual Studio Solution File, Format Version 12.00
# Visual Studio Version 17
VisualStudioVersion = 17.2.32630.192
MinimumVisualStudioVersion = 10.0.40219.1
Project("{FAE04EC0-301F-11D3-BF4B-00C04F79EFBC}") = "2_dimention_array", "2_dimention_array\2_dimention_array.csproj", "{541954AC-A852-4187-8642-DEA8489A0022}"
EndProject
Global
	GlobalSection(SolutionConfigurationPlatforms) = preSolution
		Debug|Any CPU = Debug|Any CPU
		Release|Any CPU = Release|Any CPU
	EndGlobalSection
	GlobalSection(ProjectConfigurationPlatforms) = postSolution
		{541954AC-A852-4187-8642-DEA8489A0022}.Debug|Any CPU.ActiveCfg = Debug|Any CPU
		{541954AC-A852-4187-8642-DEA8489A0022}.Debug|Any CPU.Build.0 = Debug|Any CPU
		{541954AC-A852-4187-8642-DEA8489A0022}.Release|Any CPU.ActiveCfg = Release|Any CPU
		{541954AC-A852-4187-8642-DEA8489A0022}.Release|Any CPU.Build.0 = Release|Any CPU
	EndGlobalSection
	GlobalSection(SolutionProperties) = preSolution
		HideSolutionNode = FALSE
	EndGlobalSection
	GlobalSection(ExtensibilityGlobals) = postSolution
		SolutionGuid = {B1D15B81-5A1C-439D-A7E2-2C8E7CACB8AE}
	EndGlobalSection
EndGlobal
