
Microsoft Visual Studio Solution File, Format Version 12.00
# Visual Studio Version 17
VisualStudioVersion = 17.2.32630.192
MinimumVisualStudioVersion = 10.0.40219.1
Project("{FAE04EC0-301F-11D3-BF4B-00C04F79EFBC}") = "Example using checkbox", "Example using checkbox\Example using checkbox.csproj", "{2FA6EC95-388C-40DB-A6A8-3CBB18509A5A}"
EndProject
Global
	GlobalSection(SolutionConfigurationPlatforms) = preSolution
		Debug|Any CPU = Debug|Any CPU
		Release|Any CPU = Release|Any CPU
	EndGlobalSection
	GlobalSection(ProjectConfigurationPlatforms) = postSolution
		{2FA6EC95-388C-40DB-A6A8-3CBB18509A5A}.Debug|Any CPU.ActiveCfg = Debug|Any CPU
		{2FA6EC95-388C-40DB-A6A8-3CBB18509A5A}.Debug|Any CPU.Build.0 = Debug|Any CPU
		{2FA6EC95-388C-40DB-A6A8-3CBB18509A5A}.Release|Any CPU.ActiveCfg = Release|Any CPU
		{2FA6EC95-388C-40DB-A6A8-3CBB18509A5A}.Release|Any CPU.Build.0 = Release|Any CPU
	EndGlobalSection
	GlobalSection(SolutionProperties) = preSolution
		HideSolutionNode = FALSE
	EndGlobalSection
	GlobalSection(ExtensibilityGlobals) = postSolution
		SolutionGuid = {A4F7C227-78A8-4427-B26C-5E4EC8B6DE4F}
	EndGlobalSection
EndGlobal
